
Microsoft Visual Studio Solution File, Format Version 12.00
# Visual Studio 2012
Project("{FAE04EC0-301F-11D3-BF4B-00C04F79EFBC}") = "Arrays", "Arrays\Arrays.csproj", "{DC4D0F71-0A1C-49C7-8014-5F94EB734117}"
EndProject
Global
	GlobalSection(SolutionConfigurationPlatforms) = preSolution
		Debug|Any CPU = Debug|Any CPU
		Release|Any CPU = Release|Any CPU
	EndGlobalSection
	GlobalSection(ProjectConfigurationPlatforms) = postSolution
		{DC4D0F71-0A1C-49C7-8014-5F94EB734117}.Debug|Any CPU.ActiveCfg = Debug|Any CPU
		{DC4D0F71-0A1C-49C7-8014-5F94EB734117}.Debug|Any CPU.Build.0 = Debug|Any CPU
		{DC4D0F71-0A1C-49C7-8014-5F94EB734117}.Release|Any CPU.ActiveCfg = Release|Any CPU
		{DC4D0F71-0A1C-49C7-8014-5F94EB734117}.Release|Any CPU.Build.0 = Release|Any CPU
	EndGlobalSection
	GlobalSection(SolutionProperties) = preSolution
		HideSolutionNode = FALSE
	EndGlobalSection
EndGlobal
